// !$*UTF8*$!
{
	archiveVersion = 1;
	classes = {
	};
	objectVersion = 50;
	objects = {

/* Begin PBXBuildFile section */
		CE0CF81C223A25140031A84F /* RecursiveFunction.swift in Sources */ = {isa = PBXBuildFile; fileRef = CE0CF81B223A25140031A84F /* RecursiveFunction.swift */; };
		CE34A6F9223BD72B009BE04E /* 2.NonConsecutiveLetters.swift in Sources */ = {isa = PBXBuildFile; fileRef = CE34A6F8223BD72B009BE04E /* 2.NonConsecutiveLetters.swift */; };
		CEDAFB862232370300A3A0D9 /* AppDelegate.swift in Sources */ = {isa = PBXBuildFile; fileRef = CEDAFB852232370300A3A0D9 /* AppDelegate.swift */; };
		CEDAFB882232370300A3A0D9 /* ViewController.swift in Sources */ = {isa = PBXBuildFile; fileRef = CEDAFB872232370300A3A0D9 /* ViewController.swift */; };
		CEDAFB8B2232370300A3A0D9 /* Main.storyboard in Resources */ = {isa = PBXBuildFile; fileRef = CEDAFB892232370300A3A0D9 /* Main.storyboard */; };
		CEDAFB8D2232370500A3A0D9 /* Assets.xcassets in Resources */ = {isa = PBXBuildFile; fileRef = CEDAFB8C2232370500A3A0D9 /* Assets.xcassets */; };
		CEDAFB902232370500A3A0D9 /* LaunchScreen.storyboard in Resources */ = {isa = PBXBuildFile; fileRef = CEDAFB8E2232370500A3A0D9 /* LaunchScreen.storyboard */; };
		CEDAFB982232373B00A3A0D9 /* 1.CompanyEmployer.swift in Sources */ = {isa = PBXBuildFile; fileRef = CEDAFB972232373B00A3A0D9 /* 1.CompanyEmployer.swift */; };
/* End PBXBuildFile section */

/* Begin PBXFileReference section */
		CE0CF81B223A25140031A84F /* RecursiveFunction.swift */ = {isa = PBXFileReference; lastKnownFileType = sourcecode.swift; path = RecursiveFunction.swift; sourceTree = "<group>"; };
		CE34A6F8223BD72B009BE04E /* 2.NonConsecutiveLetters.swift */ = {isa = PBXFileReference; lastKnownFileType = sourcecode.swift; path = 2.NonConsecutiveLetters.swift; sourceTree = "<group>"; };
		CEDAFB822232370300A3A0D9 /* testMath.app */ = {isa = PBXFileReference; explicitFileType = wrapper.application; includeInIndex = 0; path = testMath.app; sourceTree = BUILT_PRODUCTS_DIR; };
		CEDAFB852232370300A3A0D9 /* AppDelegate.swift */ = {isa = PBXFileReference; lastKnownFileType = sourcecode.swift; path = AppDelegate.swift; sourceTree = "<group>"; };
		CEDAFB872232370300A3A0D9 /* ViewController.swift */ = {isa = PBXFileReference; lastKnownFileType = sourcecode.swift; path = ViewController.swift; sourceTree = "<group>"; };
		CEDAFB8A2232370300A3A0D9 /* Base */ = {isa = PBXFileReference; lastKnownFileType = file.storyboard; name = Base; path = Base.lproj/Main.storyboard; sourceTree = "<group>"; };
		CEDAFB8C2232370500A3A0D9 /* Assets.xcassets */ = {isa = PBXFileReference; lastKnownFileType = folder.assetcatalog; path = Assets.xcassets; sourceTree = "<group>"; };
		CEDAFB8F2232370500A3A0D9 /* Base */ = {isa = PBXFileReference; lastKnownFileType = file.storyboard; name = Base; path = Base.lproj/LaunchScreen.storyboard; sourceTree = "<group>"; };
		CEDAFB912232370500A3A0D9 /* Info.plist */ = {isa = PBXFileReference; lastKnownFileType = text.plist.xml; path = Info.plist; sourceTree = "<group>"; };
		CEDAFB972232373B00A3A0D9 /* 1.CompanyEmployer.swift */ = {isa = PBXFileReference; lastKnownFileType = sourcecode.swift; path = 1.CompanyEmployer.swift; sourceTree = "<group>"; };
/* End PBXFileReference section */

/* Begin PBXFrameworksBuildPhase section */
		CEDAFB7F2232370300A3A0D9 /* Frameworks */ = {
			isa = PBXFrameworksBuildPhase;
			buildActionMask = 2147483647;
			files = (
			);
			runOnlyForDeploymentPostprocessing = 0;
		};
/* End PBXFrameworksBuildPhase section */

/* Begin PBXGroup section */
		CEDAFB792232370300A3A0D9 = {
			isa = PBXGroup;
			children = (
				CEDAFB842232370300A3A0D9 /* testMath */,
				CEDAFB832232370300A3A0D9 /* Products */,
			);
			sourceTree = "<group>";
		};
		CEDAFB832232370300A3A0D9 /* Products */ = {
			isa = PBXGroup;
			children = (
				CEDAFB822232370300A3A0D9 /* testMath.app */,
			);
			name = Products;
			sourceTree = "<group>";
		};
		CEDAFB842232370300A3A0D9 /* testMath */ = {
			isa = PBXGroup;
			children = (
				CEDAFB852232370300A3A0D9 /* AppDelegate.swift */,
				CEDAFB872232370300A3A0D9 /* ViewController.swift */,
				CEDAFB972232373B00A3A0D9 /* 1.CompanyEmployer.swift */,
				CE34A6F8223BD72B009BE04E /* 2.NonConsecutiveLetters.swift */,
				CE0CF81B223A25140031A84F /* RecursiveFunction.swift */,
				CEDAFB892232370300A3A0D9 /* Main.storyboard */,
				CEDAFB8C2232370500A3A0D9 /* Assets.xcassets */,
				CEDAFB8E2232370500A3A0D9 /* LaunchScreen.storyboard */,
				CEDAFB912232370500A3A0D9 /* Info.plist */,
			);
			path = testMath;
			sourceTree = "<group>";
		};
/* End PBXGroup section */

/* Begin PBXNativeTarget section */
		CEDAFB812232370300A3A0D9 /* testMath */ = {
			isa = PBXNativeTarget;
			buildConfigurationList = CEDAFB942232370500A3A0D9 /* Build configuration list for PBXNativeTarget "testMath" */;
			buildPhases = (
				CEDAFB7E2232370300A3A0D9 /* Sources */,
				CEDAFB7F2232370300A3A0D9 /* Frameworks */,
				CEDAFB802232370300A3A0D9 /* Resources */,
			);
			buildRules = (
			);
			dependencies = (
			);
			name = testMath;
			productName = testMath;
			productReference = CEDAFB822232370300A3A0D9 /* testMath.app */;
			productType = "com.apple.product-type.application";
		};
/* End PBXNativeTarget section */

/* Begin PBXProject section */
		CEDAFB7A2232370300A3A0D9 /* Project object */ = {
			isa = PBXProject;
			attributes = {
				LastSwiftUpdateCheck = 1010;
				LastUpgradeCheck = 1010;
				ORGANIZATIONNAME = user;
				TargetAttributes = {
					CEDAFB812232370300A3A0D9 = {
						CreatedOnToolsVersion = 10.1;
					};
				};
			};
			buildConfigurationList = CEDAFB7D2232370300A3A0D9 /* Build configuration list for PBXProject "testMath" */;
			compatibilityVersion = "Xcode 9.3";
			developmentRegion = en;
			hasScannedForEncodings = 0;
			knownRegions = (
				en,
				Base,
			);
			mainGroup = CEDAFB792232370300A3A0D9;
			productRefGroup = CEDAFB832232370300A3A0D9 /* Products */;
			projectDirPath = "";
			projectRoot = "";
			targets = (
				CEDAFB812232370300A3A0D9 /* testMath */,
			);
		};
/* End PBXProject section */

/* Begin PBXResourcesBuildPhase section */
		CEDAFB802232370300A3A0D9 /* Resources */ = {
			isa = PBXResourcesBuildPhase;
			buildActionMask = 2147483647;
			files = (
				CEDAFB902232370500A3A0D9 /* LaunchScreen.storyboard in Resources */,
				CEDAFB8D2232370500A3A0D9 /* Assets.xcassets in Resources */,
				CEDAFB8B2232370300A3A0D9 /* Main.storyboard in Resources */,
			);
			runOnlyForDeploymentPostprocessing = 0;
		};
/* End PBXResourcesBuildPhase section */

/* Begin PBXSourcesBuildPhase section */
		CEDAFB7E2232370300A3A0D9 /* Sources */ = {
			isa = PBXSourcesBuildPhase;
			buildActionMask = 2147483647;
			files = (
				CE0CF81C223A25140031A84F /* RecursiveFunction.swift in Sources */,
				CEDAFB882232370300A3A0D9 /* ViewController.swift in Sources */,
				CE34A6F9223BD72B009BE04E /* 2.NonConsecutiveLetters.swift in Sources */,
				CEDAFB982232373B00A3A0D9 /* 1.CompanyEmployer.swift in Sources */,
				CEDAFB862232370300A3A0D9 /* AppDelegate.swift in Sources */,
			);
			runOnlyForDeploymentPostprocessing = 0;
		};
/* End PBXSourcesBuildPhase section */

/* Begin PBXVariantGroup section */
		CEDAFB892232370300A3A0D9 /* Main.storyboard */ = {
			isa = PBXVariantGroup;
			children = (
				CEDAFB8A2232370300A3A0D9 /* Base */,
			);
			name = Main.storyboard;
			sourceTree = "<group>";
		};
		CEDAFB8E2232370500A3A0D9 /* LaunchScreen.storyboard */ = {
			isa = PBXVariantGroup;
			children = (
				CEDAFB8F2232370500A3A0D9 /* Base */,
			);
			name = LaunchScreen.storyboard;
			sourceTree = "<group>";
		};
/* End PBXVariantGroup section */

/* Begin XCBuildConfiguration section */
		CEDAFB922232370500A3A0D9 /* Debug */ = {
			isa = XCBuildConfiguration;
			buildSettings = {
				ALWAYS_SEARCH_USER_PATHS = NO;
				CLANG_ANALYZER_NONNULL = YES;
				CLANG_ANALYZER_NUMBER_OBJECT_CONVERSION = YES_AGGRESSIVE;
				CLANG_CXX_LANGUAGE_STANDARD = "gnu++14";
				CLANG_CXX_LIBRARY = "libc++";
				CLANG_ENABLE_MODULES = YES;
				CLANG_ENABLE_OBJC_ARC = YES;
				CLANG_ENABLE_OBJC_WEAK = YES;
				CLANG_WARN_BLOCK_CAPTURE_AUTORELEASING = YES;
				CLANG_WARN_BOOL_CONVERSION = YES;
				CLANG_WARN_COMMA = YES;
				CLANG_WARN_CONSTANT_CONVERSION = YES;
				CLANG_WARN_DEPRECATED_OBJC_IMPLEMENTATIONS = YES;
				CLANG_WARN_DIRECT_OBJC_ISA_USAGE = YES_ERROR;
				CLANG_WARN_DOCUMENTATION_COMMENTS = YES;
				CLANG_WARN_EMPTY_BODY = YES;
				CLANG_WARN_ENUM_CONVERSION = YES;
				CLANG_WARN_INFINITE_RECURSION = YES;
				CLANG_WARN_INT_CONVERSION = YES;
				CLANG_WARN_NON_LITERAL_NULL_CONVERSION = YES;
				CLANG_WARN_OBJC_IMPLICIT_RETAIN_SELF = YES;
				CLANG_WARN_OBJC_LITERAL_CONVERSION = YES;
				CLANG_WARN_OBJC_ROOT_CLASS = YES_ERROR;
				CLANG_WARN_RANGE_LOOP_ANALYSIS = YES;
				CLANG_WARN_STRICT_PROTOTYPES = YES;
				CLANG_WARN_SUSPICIOUS_MOVE = YES;
				CLANG_WARN_UNGUARDED_AVAILABILITY = YES_AGGRESSIVE;
				CLANG_WARN_UNREACHABLE_CODE = YES;
				CLANG_WARN__DUPLICATE_METHOD_MATCH = YES;
				CODE_SIGN_IDENTITY = "iPhone Developer";
				COPY_PHASE_STRIP = NO;
				DEBUG_INFORMATION_FORMAT = dwarf;
				ENABLE_STRICT_OBJC_MSGSEND = YES;
				ENABLE_TESTABILITY = YES;
				GCC_C_LANGUAGE_STANDARD = gnu11;
				GCC_DYNAMIC_NO_PIC = NO;
				GCC_NO_COMMON_BLOCKS = YES;
				GCC_OPTIMIZATION_LEVEL = 0;
				GCC_PREPROCESSOR_DEFINITIONS = (
					"DEBUG=1",
					"$(inherited)",
				);
				GCC_WARN_64_TO_32_BIT_CONVERSION = YES;
				GCC_WARN_ABOUT_RETURN_TYPE = YES_ERROR;
				GCC_WARN_UNDECLARED_SELECTOR = YES;
				GCC_WARN_UNINITIALIZED_AUTOS = YES_AGGRESSIVE;
				GCC_WARN_UNUSED_FUNCTION = YES;
				GCC_WARN_UNUSED_VARIABLE = YES;
				IPHONEOS_DEPLOYMENT_TARGET = 12.1;
				MTL_ENABLE_DEBUG_INFO = INCLUDE_SOURCE;
				MTL_FAST_MATH = YES;
				ONLY_ACTIVE_ARCH = YES;
				SDKROOT = iphoneos;
				SWIFT_ACTIVE_COMPILATION_CONDITIONS = DEBUG;
				SWIFT_OPTIMIZATION_LEVEL = "-Onone";
			};
			name = Debug;
		};
		CEDAFB932232370500A3A0D9 /* Release */ = {
			isa = XCBuildConfiguration;
			buildSettings = {
				ALWAYS_SEARCH_USER_PATHS = NO;
				CLANG_ANALYZER_NONNULL = YES;
				CLANG_ANALYZER_NUMBER_OBJECT_CONVERSION = YES_AGGRESSIVE;
				CLANG_CXX_LANGUAGE_STANDARD = "gnu++14";
				CLANG_CXX_LIBRARY = "libc++";
				CLANG_ENABLE_MODULES = YES;
				CLANG_ENABLE_OBJC_ARC = YES;
				CLANG_ENABLE_OBJC_WEAK = YES;
				CLANG_WARN_BLOCK_CAPTURE_AUTORELEASING = YES;
				CLANG_WARN_BOOL_CONVERSION = YES;
				CLANG_WARN_COMMA = YES;
				CLANG_WARN_CONSTANT_CONVERSION = YES;
				CLANG_WARN_DEPRECATED_OBJC_IMPLEMENTATIONS = YES;
				CLANG_WARN_DIRECT_OBJC_ISA_USAGE = YES_ERROR;
				CLANG_WARN_DOCUMENTATION_COMMENTS = YES;
				CLANG_WARN_EMPTY_BODY = YES;
				CLANG_WARN_ENUM_CONVERSION = YES;
				CLANG_WARN_INFINITE_RECURSION = YES;
				CLANG_WARN_INT_CONVERSION = YES;
				CLANG_WARN_NON_LITERAL_NULL_CONVERSION = YES;
				CLANG_WARN_OBJC_IMPLICIT_RETAIN_SELF = YES;
				CLANG_WARN_OBJC_LITERAL_CONVERSION = YES;
				CLANG_WARN_OBJC_ROOT_CLASS = YES_ERROR;
				CLANG_WARN_RANGE_LOOP_ANALYSIS = YES;
				CLANG_WARN_STRICT_PROTOTYPES = YES;
				CLANG_WARN_SUSPICIOUS_MOVE = YES;
				CLANG_WARN_UNGUARDED_AVAILABILITY = YES_AGGRESSIVE;
				CLANG_WARN_UNREACHABLE_CODE = YES;
				CLANG_WARN__DUPLICATE_METHOD_MATCH = YES;
				CODE_SIGN_IDENTITY = "iPhone Developer";
				COPY_PHASE_STRIP = NO;
				DEBUG_INFORMATION_FORMAT = "dwarf-with-dsym";
				ENABLE_NS_ASSERTIONS = NO;
				ENABLE_STRICT_OBJC_MSGSEND = YES;
				GCC_C_LANGUAGE_STANDARD = gnu11;
				GCC_NO_COMMON_BLOCKS = YES;
				GCC_WARN_64_TO_32_BIT_CONVERSION = YES;
				GCC_WARN_ABOUT_RETURN_TYPE = YES_ERROR;
				GCC_WARN_UNDECLARED_SELECTOR = YES;
				GCC_WARN_UNINITIALIZED_AUTOS = YES_AGGRESSIVE;
				GCC_WARN_UNUSED_FUNCTION = YES;
				GCC_WARN_UNUSED_VARIABLE = YES;
				IPHONEOS_DEPLOYMENT_TARGET = 12.1;
				MTL_ENABLE_DEBUG_INFO = NO;
				MTL_FAST_MATH = YES;
				SDKROOT = iphoneos;
				SWIFT_COMPILATION_MODE = wholemodule;
				SWIFT_OPTIMIZATION_LEVEL = "-O";
				VALIDATE_PRODUCT = YES;
			};
			name = Release;
		};
		CEDAFB952232370500A3A0D9 /* Debug */ = {
			isa = XCBuildConfiguration;
			buildSettings = {
				ASSETCATALOG_COMPILER_APPICON_NAME = AppIcon;
				CODE_SIGN_STYLE = Automatic;
				DEVELOPMENT_TEAM = G9VMAQSBA5;
				INFOPLIST_FILE = testMath/Info.plist;
				LD_RUNPATH_SEARCH_PATHS = (
					"$(inherited)",
					"@executable_path/Frameworks",
				);
				PRODUCT_BUNDLE_IDENTIFIER = com.daimler.testMath;
				PRODUCT_NAME = "$(TARGET_NAME)";
				SWIFT_VERSION = 4.2;
				TARGETED_DEVICE_FAMILY = "1,2";
			};
			name = Debug;
		};
		CEDAFB962232370500A3A0D9 /* Release */ = {
			isa = XCBuildConfiguration;
			buildSettings = {
				ASSETCATALOG_COMPILER_APPICON_NAME = AppIcon;
				CODE_SIGN_STYLE = Automatic;
				DEVELOPMENT_TEAM = G9VMAQSBA5;
				INFOPLIST_FILE = testMath/Info.plist;
				LD_RUNPATH_SEARCH_PATHS = (
					"$(inherited)",
					"@executable_path/Frameworks",
				);
				PRODUCT_BUNDLE_IDENTIFIER = com.daimler.testMath;
				PRODUCT_NAME = "$(TARGET_NAME)";
				SWIFT_VERSION = 4.2;
				TARGETED_DEVICE_FAMILY = "1,2";
			};
			name = Release;
		};
/* End XCBuildConfiguration section */

/* Begin XCConfigurationList section */
		CEDAFB7D2232370300A3A0D9 /* Build configuration list for PBXProject "testMath" */ = {
			isa = XCConfigurationList;
			buildConfigurations = (
				CEDAFB922232370500A3A0D9 /* Debug */,
				CEDAFB932232370500A3A0D9 /* Release */,
			);
			defaultConfigurationIsVisible = 0;
			defaultConfigurationName = Release;
		};
		CEDAFB942232370500A3A0D9 /* Build configuration list for PBXNativeTarget "testMath" */ = {
			isa = XCConfigurationList;
			buildConfigurations = (
				CEDAFB952232370500A3A0D9 /* Debug */,
				CEDAFB962232370500A3A0D9 /* Release */,
			);
			defaultConfigurationIsVisible = 0;
			defaultConfigurationName = Release;
		};
/* End XCConfigurationList section */
	};
	rootObject = CEDAFB7A2232370300A3A0D9 /* Project object */;
}
